
Microsoft Visual Studio Solution File, Format Version 12.00
# Visual Studio 14
VisualStudioVersion = 14.0.25420.1
MinimumVisualStudioVersion = 10.0.40219.1
Project("{FAE04EC0-301F-11D3-BF4B-00C04F79EFBC}") = "Ubrainians", "Ubrainians\Ubrainians.csproj", "{11B9E2E5-29D4-4C13-905B-FAFB0291A30F}"
EndProject
Project("{FAE04EC0-301F-11D3-BF4B-00C04F79EFBC}") = "BLL", "BLL\BLL.csproj", "{2A6A974C-C5B7-4471-BC95-14243C783966}"
EndProject
Project("{FAE04EC0-301F-11D3-BF4B-00C04F79EFBC}") = "DAL", "DAL\DAL.csproj", "{9B379088-99A6-4C82-A7F5-1076F608777E}"
EndProject
Global
	GlobalSection(SolutionConfigurationPlatforms) = preSolution
		Debug|Any CPU = Debug|Any CPU
		Release|Any CPU = Release|Any CPU
	EndGlobalSection
	GlobalSection(ProjectConfigurationPlatforms) = postSolution
		{11B9E2E5-29D4-4C13-905B-FAFB0291A30F}.Debug|Any CPU.ActiveCfg = Debug|Any CPU
		{11B9E2E5-29D4-4C13-905B-FAFB0291A30F}.Debug|Any CPU.Build.0 = Debug|Any CPU
		{11B9E2E5-29D4-4C13-905B-FAFB0291A30F}.Release|Any CPU.ActiveCfg = Release|Any CPU
		{11B9E2E5-29D4-4C13-905B-FAFB0291A30F}.Release|Any CPU.Build.0 = Release|Any CPU
		{2A6A974C-C5B7-4471-BC95-14243C783966}.Debug|Any CPU.ActiveCfg = Debug|Any CPU
		{2A6A974C-C5B7-4471-BC95-14243C783966}.Debug|Any CPU.Build.0 = Debug|Any CPU
		{2A6A974C-C5B7-4471-BC95-14243C783966}.Release|Any CPU.ActiveCfg = Release|Any CPU
		{2A6A974C-C5B7-4471-BC95-14243C783966}.Release|Any CPU.Build.0 = Release|Any CPU
		{9B379088-99A6-4C82-A7F5-1076F608777E}.Debug|Any CPU.ActiveCfg = Debug|Any CPU
		{9B379088-99A6-4C82-A7F5-1076F608777E}.Debug|Any CPU.Build.0 = Debug|Any CPU
		{9B379088-99A6-4C82-A7F5-1076F608777E}.Release|Any CPU.ActiveCfg = Release|Any CPU
		{9B379088-99A6-4C82-A7F5-1076F608777E}.Release|Any CPU.Build.0 = Release|Any CPU
	EndGlobalSection
	GlobalSection(SolutionProperties) = preSolution
		HideSolutionNode = FALSE
	EndGlobalSection
EndGlobal
